
Microsoft Visual Studio Solution File, Format Version 12.00
# Visual Studio Version 17
VisualStudioVersion = 17.3.32901.215
MinimumVisualStudioVersion = 10.0.40219.1
Project("{9A19103F-16F7-4668-BE54-9A1E7A4F7556}") = "Agentassignment2", "Agentassignment 2\Agentassignment2.csproj", "{D6C2CD3C-2F0E-42E9-9066-74F1498E5C80}"
EndProject
Global
	GlobalSection(SolutionConfigurationPlatforms) = preSolution
		Debug|Any CPU = Debug|Any CPU
		Release|Any CPU = Release|Any CPU
	EndGlobalSection
	GlobalSection(ProjectConfigurationPlatforms) = postSolution
		{D6C2CD3C-2F0E-42E9-9066-74F1498E5C80}.Debug|Any CPU.ActiveCfg = Debug|Any CPU
		{D6C2CD3C-2F0E-42E9-9066-74F1498E5C80}.Debug|Any CPU.Build.0 = Debug|Any CPU
		{D6C2CD3C-2F0E-42E9-9066-74F1498E5C80}.Release|Any CPU.ActiveCfg = Release|Any CPU
		{D6C2CD3C-2F0E-42E9-9066-74F1498E5C80}.Release|Any CPU.Build.0 = Release|Any CPU
	EndGlobalSection
	GlobalSection(SolutionProperties) = preSolution
		HideSolutionNode = FALSE
	EndGlobalSection
	GlobalSection(ExtensibilityGlobals) = postSolution
		SolutionGuid = {151ED9BB-DE94-4550-AEFD-19A625DF1112}
	EndGlobalSection
EndGlobal
